{
  "name": "my-antd",
  "version": "0.0.8",
  "lockfileVersion": 1,
  "requires": true,
  "dependencies": {
    "moment": {
      "version": "2.24.0",
      "resolved": "http://registry-cnpm.hzins.com/moment/-/moment-2.24.0.tgz"
    },
    "typescript": {
      "version": "3.7.4",
      "resolved": "https://registry.npm.taobao.org/typescript/download/typescript-3.7.4.tgz?cache=0&sync_timestamp=1577862994304&other_urls=https%3A%2F%2Fregistry.npm.taobao.org%2Ftypescript%2Fdownload%2Ftypescript-3.7.4.tgz",
      "integrity": "sha1-F0Ol7F/vah+p8+RwjjPIHHOHbBk=",
      "dev": true
    }
  }
}
